
Microsoft Visual Studio Solution File, Format Version 12.00
# Visual Studio 15
VisualStudioVersion = 15.0.27004.2006
MinimumVisualStudioVersion = 10.0.40219.1
Project("{9A19103F-16F7-4668-BE54-9A1E7A4F7556}") = "ConsoleApp", "ConsoleApp\ConsoleApp.csproj", "{24E11EEE-21DC-4A1E-AA47-2E4D414BE9C8}"
EndProject
Project("{9A19103F-16F7-4668-BE54-9A1E7A4F7556}") = "OldApp", "OldApp\OldApp.csproj", "{BD6C2FD0-9112-41BE-B8EB-D127F64A848A}"
EndProject
Project("{9A19103F-16F7-4668-BE54-9A1E7A4F7556}") = "NNRunner", "NNRunner\NNRunner.csproj", "{AF330F6B-9EBA-4108-B0B0-DE08064396AE}"
EndProject
Project("{9A19103F-16F7-4668-BE54-9A1E7A4F7556}") = "NNRunner.Tests", "NNRunner.Tests\NNRunner.Tests.csproj", "{7C1FBBA9-D574-44D9-AF83-8900900BED0D}"
EndProject
Project("{9A19103F-16F7-4668-BE54-9A1E7A4F7556}") = "NerualNet", "NerualNet\NerualNet.csproj", "{19CF3A76-EB38-4182-A1F9-9BC96BB5FBF7}"
EndProject
Project("{9A19103F-16F7-4668-BE54-9A1E7A4F7556}") = "NeuralNet.Tests", "NeuralNet.Tests\NeuralNet.Tests.csproj", "{1B095EE6-D7B6-4039-81EA-8459C4A70F78}"
EndProject
Project("{9A19103F-16F7-4668-BE54-9A1E7A4F7556}") = "ComeOn", "ComeOn\ComeOn.csproj", "{73EE9FF5-0F02-490C-B185-1763D2B3DDB7}"
EndProject
Project("{FAE04EC0-301F-11D3-BF4B-00C04F79EFBC}") = "UnsupThenSup", "UnsupThenSup\UnsupThenSup.csproj", "{9BE735D1-2454-4184-B1B0-C254FCD29133}"
EndProject
Global
	GlobalSection(SolutionConfigurationPlatforms) = preSolution
		Debug|Any CPU = Debug|Any CPU
		Release|Any CPU = Release|Any CPU
	EndGlobalSection
	GlobalSection(ProjectConfigurationPlatforms) = postSolution
		{24E11EEE-21DC-4A1E-AA47-2E4D414BE9C8}.Debug|Any CPU.ActiveCfg = Debug|Any CPU
		{24E11EEE-21DC-4A1E-AA47-2E4D414BE9C8}.Debug|Any CPU.Build.0 = Debug|Any CPU
		{24E11EEE-21DC-4A1E-AA47-2E4D414BE9C8}.Release|Any CPU.ActiveCfg = Release|Any CPU
		{24E11EEE-21DC-4A1E-AA47-2E4D414BE9C8}.Release|Any CPU.Build.0 = Release|Any CPU
		{BD6C2FD0-9112-41BE-B8EB-D127F64A848A}.Debug|Any CPU.ActiveCfg = Debug|Any CPU
		{BD6C2FD0-9112-41BE-B8EB-D127F64A848A}.Debug|Any CPU.Build.0 = Debug|Any CPU
		{BD6C2FD0-9112-41BE-B8EB-D127F64A848A}.Release|Any CPU.ActiveCfg = Release|Any CPU
		{BD6C2FD0-9112-41BE-B8EB-D127F64A848A}.Release|Any CPU.Build.0 = Release|Any CPU
		{AF330F6B-9EBA-4108-B0B0-DE08064396AE}.Debug|Any CPU.ActiveCfg = Debug|Any CPU
		{AF330F6B-9EBA-4108-B0B0-DE08064396AE}.Debug|Any CPU.Build.0 = Debug|Any CPU
		{AF330F6B-9EBA-4108-B0B0-DE08064396AE}.Release|Any CPU.ActiveCfg = Release|Any CPU
		{AF330F6B-9EBA-4108-B0B0-DE08064396AE}.Release|Any CPU.Build.0 = Release|Any CPU
		{7C1FBBA9-D574-44D9-AF83-8900900BED0D}.Debug|Any CPU.ActiveCfg = Debug|Any CPU
		{7C1FBBA9-D574-44D9-AF83-8900900BED0D}.Debug|Any CPU.Build.0 = Debug|Any CPU
		{7C1FBBA9-D574-44D9-AF83-8900900BED0D}.Release|Any CPU.ActiveCfg = Release|Any CPU
		{7C1FBBA9-D574-44D9-AF83-8900900BED0D}.Release|Any CPU.Build.0 = Release|Any CPU
		{19CF3A76-EB38-4182-A1F9-9BC96BB5FBF7}.Debug|Any CPU.ActiveCfg = Debug|Any CPU
		{19CF3A76-EB38-4182-A1F9-9BC96BB5FBF7}.Debug|Any CPU.Build.0 = Debug|Any CPU
		{19CF3A76-EB38-4182-A1F9-9BC96BB5FBF7}.Release|Any CPU.ActiveCfg = Release|Any CPU
		{19CF3A76-EB38-4182-A1F9-9BC96BB5FBF7}.Release|Any CPU.Build.0 = Release|Any CPU
		{1B095EE6-D7B6-4039-81EA-8459C4A70F78}.Debug|Any CPU.ActiveCfg = Debug|Any CPU
		{1B095EE6-D7B6-4039-81EA-8459C4A70F78}.Debug|Any CPU.Build.0 = Debug|Any CPU
		{1B095EE6-D7B6-4039-81EA-8459C4A70F78}.Release|Any CPU.ActiveCfg = Release|Any CPU
		{1B095EE6-D7B6-4039-81EA-8459C4A70F78}.Release|Any CPU.Build.0 = Release|Any CPU
		{73EE9FF5-0F02-490C-B185-1763D2B3DDB7}.Debug|Any CPU.ActiveCfg = Debug|Any CPU
		{73EE9FF5-0F02-490C-B185-1763D2B3DDB7}.Debug|Any CPU.Build.0 = Debug|Any CPU
		{73EE9FF5-0F02-490C-B185-1763D2B3DDB7}.Release|Any CPU.ActiveCfg = Release|Any CPU
		{73EE9FF5-0F02-490C-B185-1763D2B3DDB7}.Release|Any CPU.Build.0 = Release|Any CPU
		{9BE735D1-2454-4184-B1B0-C254FCD29133}.Debug|Any CPU.ActiveCfg = Debug|Any CPU
		{9BE735D1-2454-4184-B1B0-C254FCD29133}.Debug|Any CPU.Build.0 = Debug|Any CPU
		{9BE735D1-2454-4184-B1B0-C254FCD29133}.Release|Any CPU.ActiveCfg = Release|Any CPU
		{9BE735D1-2454-4184-B1B0-C254FCD29133}.Release|Any CPU.Build.0 = Release|Any CPU
	EndGlobalSection
	GlobalSection(SolutionProperties) = preSolution
		HideSolutionNode = FALSE
	EndGlobalSection
	GlobalSection(ExtensibilityGlobals) = postSolution
		SolutionGuid = {3E371BE2-3BD0-471C-B48E-BDCC82CBE406}
	EndGlobalSection
EndGlobal
